
Microsoft Visual Studio Solution File, Format Version 12.00
# Visual Studio Version 17
VisualStudioVersion = 17.0.31717.71
MinimumVisualStudioVersion = 10.0.40219.1
Project("{9A19103F-16F7-4668-BE54-9A1E7A4F7556}") = "PInvoke.SourceGenerator", "PInvoke.SourceGenerator\PInvoke.SourceGenerator.csproj", "{5796A4F6-BA72-4A7F-92DE-6A90DE928158}"
EndProject
Project("{9A19103F-16F7-4668-BE54-9A1E7A4F7556}") = "Test", "Test\Test.csproj", "{B8219239-D1B5-4C2F-93B2-90D5F54A2A95}"
EndProject
Global
	GlobalSection(SolutionConfigurationPlatforms) = preSolution
		Debug|Any CPU = Debug|Any CPU
		Release|Any CPU = Release|Any CPU
	EndGlobalSection
	GlobalSection(ProjectConfigurationPlatforms) = postSolution
		{5796A4F6-BA72-4A7F-92DE-6A90DE928158}.Debug|Any CPU.ActiveCfg = Debug|Any CPU
		{5796A4F6-BA72-4A7F-92DE-6A90DE928158}.Debug|Any CPU.Build.0 = Debug|Any CPU
		{5796A4F6-BA72-4A7F-92DE-6A90DE928158}.Release|Any CPU.ActiveCfg = Release|Any CPU
		{5796A4F6-BA72-4A7F-92DE-6A90DE928158}.Release|Any CPU.Build.0 = Release|Any CPU
		{B8219239-D1B5-4C2F-93B2-90D5F54A2A95}.Debug|Any CPU.ActiveCfg = Debug|Any CPU
		{B8219239-D1B5-4C2F-93B2-90D5F54A2A95}.Debug|Any CPU.Build.0 = Debug|Any CPU
		{B8219239-D1B5-4C2F-93B2-90D5F54A2A95}.Release|Any CPU.ActiveCfg = Release|Any CPU
		{B8219239-D1B5-4C2F-93B2-90D5F54A2A95}.Release|Any CPU.Build.0 = Release|Any CPU
	EndGlobalSection
	GlobalSection(SolutionProperties) = preSolution
		HideSolutionNode = FALSE
	EndGlobalSection
	GlobalSection(ExtensibilityGlobals) = postSolution
		SolutionGuid = {2B5A7364-A8C3-4180-B45E-E7568B29C3C3}
	EndGlobalSection
EndGlobal
